
Microsoft Visual Studio Solution File, Format Version 12.00
# Visual Studio Version 16
VisualStudioVersion = 16.0.30907.101
MinimumVisualStudioVersion = 10.0.40219.1
Project("{FAE04EC0-301F-11D3-BF4B-00C04F79EFBC}") = "AutoClicker", "AutoClicker.csproj", "{4ED0EA51-8EA0-4037-B8CD-7B7FCB133E3D}"
EndProject
Global
	GlobalSection(SolutionConfigurationPlatforms) = preSolution
		Debug|Any CPU = Debug|Any CPU
		Release|Any CPU = Release|Any CPU
	EndGlobalSection
	GlobalSection(ProjectConfigurationPlatforms) = postSolution
		{4ED0EA51-8EA0-4037-B8CD-7B7FCB133E3D}.Debug|Any CPU.ActiveCfg = Debug|Any CPU
		{4ED0EA51-8EA0-4037-B8CD-7B7FCB133E3D}.Debug|Any CPU.Build.0 = Debug|Any CPU
		{4ED0EA51-8EA0-4037-B8CD-7B7FCB133E3D}.Release|Any CPU.ActiveCfg = Release|Any CPU
		{4ED0EA51-8EA0-4037-B8CD-7B7FCB133E3D}.Release|Any CPU.Build.0 = Release|Any CPU
	EndGlobalSection
	GlobalSection(SolutionProperties) = preSolution
		HideSolutionNode = FALSE
	EndGlobalSection
	GlobalSection(ExtensibilityGlobals) = postSolution
		SolutionGuid = {1F101BB5-9CCD-41C2-8FB8-1B5C291D46E3}
	EndGlobalSection
EndGlobal
